
Microsoft Visual Studio Solution File, Format Version 12.00
# Visual Studio Version 17
VisualStudioVersion = 17.0.31903.59
MinimumVisualStudioVersion = 10.0.40219.1
Project("{FAE04EC0-301F-11D3-BF4B-00C04F79EFBC}") = "EventReg.Api", "EventReg.Api\EventReg.Api.csproj", "{925127DB-0705-4DE8-98CF-20869752E220}"
EndProject
Project("{FAE04EC0-301F-11D3-BF4B-00C04F79EFBC}") = "EventReg.Domain", "EventReg.Domain\EventReg.Domain.csproj", "{DD9A3547-3C05-4D4C-AE4B-23BDD77BD45E}"
EndProject
Project("{FAE04EC0-301F-11D3-BF4B-00C04F79EFBC}") = "EventReg.Application", "EventReg.Application\EventReg.Application.csproj", "{AC0D38DE-B043-486F-9F1B-6D2F71AD8B7E}"
EndProject
Project("{FAE04EC0-301F-11D3-BF4B-00C04F79EFBC}") = "EventReg.Persistence", "EventReg.Persistence\EventReg.Persistence.csproj", "{ABB616CF-A685-4053-AD72-E7184D24C307}"
EndProject
Global
	GlobalSection(SolutionConfigurationPlatforms) = preSolution
		Debug|Any CPU = Debug|Any CPU
		Release|Any CPU = Release|Any CPU
	EndGlobalSection
	GlobalSection(SolutionProperties) = preSolution
		HideSolutionNode = FALSE
	EndGlobalSection
	GlobalSection(ProjectConfigurationPlatforms) = postSolution
		{925127DB-0705-4DE8-98CF-20869752E220}.Debug|Any CPU.ActiveCfg = Debug|Any CPU
		{925127DB-0705-4DE8-98CF-20869752E220}.Debug|Any CPU.Build.0 = Debug|Any CPU
		{925127DB-0705-4DE8-98CF-20869752E220}.Release|Any CPU.ActiveCfg = Release|Any CPU
		{925127DB-0705-4DE8-98CF-20869752E220}.Release|Any CPU.Build.0 = Release|Any CPU
		{DD9A3547-3C05-4D4C-AE4B-23BDD77BD45E}.Debug|Any CPU.ActiveCfg = Debug|Any CPU
		{DD9A3547-3C05-4D4C-AE4B-23BDD77BD45E}.Debug|Any CPU.Build.0 = Debug|Any CPU
		{DD9A3547-3C05-4D4C-AE4B-23BDD77BD45E}.Release|Any CPU.ActiveCfg = Release|Any CPU
		{DD9A3547-3C05-4D4C-AE4B-23BDD77BD45E}.Release|Any CPU.Build.0 = Release|Any CPU
		{AC0D38DE-B043-486F-9F1B-6D2F71AD8B7E}.Debug|Any CPU.ActiveCfg = Debug|Any CPU
		{AC0D38DE-B043-486F-9F1B-6D2F71AD8B7E}.Debug|Any CPU.Build.0 = Debug|Any CPU
		{AC0D38DE-B043-486F-9F1B-6D2F71AD8B7E}.Release|Any CPU.ActiveCfg = Release|Any CPU
		{AC0D38DE-B043-486F-9F1B-6D2F71AD8B7E}.Release|Any CPU.Build.0 = Release|Any CPU
		{ABB616CF-A685-4053-AD72-E7184D24C307}.Debug|Any CPU.ActiveCfg = Debug|Any CPU
		{ABB616CF-A685-4053-AD72-E7184D24C307}.Debug|Any CPU.Build.0 = Debug|Any CPU
		{ABB616CF-A685-4053-AD72-E7184D24C307}.Release|Any CPU.ActiveCfg = Release|Any CPU
		{ABB616CF-A685-4053-AD72-E7184D24C307}.Release|Any CPU.Build.0 = Release|Any CPU
	EndGlobalSection
EndGlobal
